
Microsoft Visual Studio Solution File, Format Version 12.00
# Visual Studio Version 16
VisualStudioVersion = 16.0.31019.35
MinimumVisualStudioVersion = 10.0.40219.1
Project("{FAE04EC0-301F-11D3-BF4B-00C04F79EFBC}") = "passwordGenerator", "passwordGenerator\passwordGenerator.csproj", "{AE2AB8E6-3550-4C9E-9FF4-AC113A3623ED}"
EndProject
Global
	GlobalSection(SolutionConfigurationPlatforms) = preSolution
		Debug|Any CPU = Debug|Any CPU
		Release|Any CPU = Release|Any CPU
	EndGlobalSection
	GlobalSection(ProjectConfigurationPlatforms) = postSolution
		{AE2AB8E6-3550-4C9E-9FF4-AC113A3623ED}.Debug|Any CPU.ActiveCfg = Debug|Any CPU
		{AE2AB8E6-3550-4C9E-9FF4-AC113A3623ED}.Debug|Any CPU.Build.0 = Debug|Any CPU
		{AE2AB8E6-3550-4C9E-9FF4-AC113A3623ED}.Release|Any CPU.ActiveCfg = Release|Any CPU
		{AE2AB8E6-3550-4C9E-9FF4-AC113A3623ED}.Release|Any CPU.Build.0 = Release|Any CPU
	EndGlobalSection
	GlobalSection(SolutionProperties) = preSolution
		HideSolutionNode = FALSE
	EndGlobalSection
	GlobalSection(ExtensibilityGlobals) = postSolution
		SolutionGuid = {CCDA46DA-07AE-441B-AAC2-F72C4222C407}
	EndGlobalSection
EndGlobal
